
Microsoft Visual Studio Solution File, Format Version 12.00
# Visual Studio Version 17
VisualStudioVersion = 17.1.32328.378
MinimumVisualStudioVersion = 10.0.40219.1
Project("{9A19103F-16F7-4668-BE54-9A1E7A4F7556}") = "Catalog.API", "Services\Catalog\Catalog.API\Catalog.API.csproj", "{95790D10-EF27-4390-8B5D-858B0260EF53}"
EndProject
Project("{E53339B2-1760-4266-BCC7-CA923CBCF16C}") = "docker-compose", "docker-compose.dcproj", "{6BF89067-1C17-433F-B658-40F59D036A3E}"
EndProject
Project("{2150E333-8FDC-42A3-9474-1A3956D46DE8}") = "Services", "Services", "{7B05B6CC-47A1-43B9-ACBE-C135D8E94BBA}"
EndProject
Project("{2150E333-8FDC-42A3-9474-1A3956D46DE8}") = "Basket", "Basket", "{D4128FED-D635-4AC2-A0B7-8291B7B1ECC0}"
EndProject
Project("{2150E333-8FDC-42A3-9474-1A3956D46DE8}") = "Catalog", "Catalog", "{6588E851-9347-4916-9F7B-C7858B099C8C}"
EndProject
Project("{9A19103F-16F7-4668-BE54-9A1E7A4F7556}") = "Basket.API", "Services\Basket\Basket.API\Basket.API.csproj", "{E205E563-A865-453B-8109-87748A7B5176}"
EndProject
Project("{2150E333-8FDC-42A3-9474-1A3956D46DE8}") = "Discount", "Discount", "{036930A9-8D11-4A7E-8E76-C2170E047F0A}"
EndProject
Project("{9A19103F-16F7-4668-BE54-9A1E7A4F7556}") = "Discount.API", "Services\Discount\Discount.API\Discount.API.csproj", "{0773768A-46FC-4CC3-BFD4-063666743341}"
EndProject
Project("{9A19103F-16F7-4668-BE54-9A1E7A4F7556}") = "Discount.Grpc", "Services\Discount\Discount.Grpc\Discount.Grpc.csproj", "{748BBA4A-E84E-49A5-A1C9-DE0E3C47E9CD}"
EndProject
Project("{2150E333-8FDC-42A3-9474-1A3956D46DE8}") = "Ordering", "Ordering", "{A91212CB-9958-437B-AC89-E06112B77E13}"
EndProject
Project("{9A19103F-16F7-4668-BE54-9A1E7A4F7556}") = "Ordering.API", "Services\Ordering\Ordering.API\Ordering.API.csproj", "{E2B8A174-35E9-45F5-BDFE-0E41C0D919D4}"
EndProject
Project("{9A19103F-16F7-4668-BE54-9A1E7A4F7556}") = "Ordering.Domain", "Services\Ordering\Ordering.Domain\Ordering.Domain.csproj", "{D2B3B09B-8FCD-4A47-A26E-A77FFCFFB584}"
EndProject
Project("{9A19103F-16F7-4668-BE54-9A1E7A4F7556}") = "Ordering.Application", "Services\Ordering\Ordering.Application\Ordering.Application.csproj", "{CA92A1A8-7142-499E-9B0A-5BFACF8C80F3}"
EndProject
Project("{9A19103F-16F7-4668-BE54-9A1E7A4F7556}") = "Ordering.Infrastructure", "Services\Ordering\Ordering.Infrastructure\Ordering.Infrastructure.csproj", "{0F28406A-E7FB-4536-AEF2-12073F3D1E39}"
EndProject
Project("{2150E333-8FDC-42A3-9474-1A3956D46DE8}") = "BuildingBlocks", "BuildingBlocks", "{AA70BE00-5230-4FDB-9119-5A06540AC664}"
EndProject
Project("{FAE04EC0-301F-11D3-BF4B-00C04F79EFBC}") = "EventBus.Messages", "BuildingBlocks\EventBus.Messages\EventBus.Messages.csproj", "{6E954732-F6E7-4343-8BB9-A0DF7D67EB68}"
EndProject
Global
	GlobalSection(SolutionConfigurationPlatforms) = preSolution
		Debug|Any CPU = Debug|Any CPU
		Release|Any CPU = Release|Any CPU
	EndGlobalSection
	GlobalSection(ProjectConfigurationPlatforms) = postSolution
		{95790D10-EF27-4390-8B5D-858B0260EF53}.Debug|Any CPU.ActiveCfg = Debug|Any CPU
		{95790D10-EF27-4390-8B5D-858B0260EF53}.Debug|Any CPU.Build.0 = Debug|Any CPU
		{95790D10-EF27-4390-8B5D-858B0260EF53}.Release|Any CPU.ActiveCfg = Release|Any CPU
		{95790D10-EF27-4390-8B5D-858B0260EF53}.Release|Any CPU.Build.0 = Release|Any CPU
		{6BF89067-1C17-433F-B658-40F59D036A3E}.Debug|Any CPU.ActiveCfg = Debug|Any CPU
		{6BF89067-1C17-433F-B658-40F59D036A3E}.Debug|Any CPU.Build.0 = Debug|Any CPU
		{6BF89067-1C17-433F-B658-40F59D036A3E}.Release|Any CPU.ActiveCfg = Release|Any CPU
		{6BF89067-1C17-433F-B658-40F59D036A3E}.Release|Any CPU.Build.0 = Release|Any CPU
		{E205E563-A865-453B-8109-87748A7B5176}.Debug|Any CPU.ActiveCfg = Debug|Any CPU
		{E205E563-A865-453B-8109-87748A7B5176}.Debug|Any CPU.Build.0 = Debug|Any CPU
		{E205E563-A865-453B-8109-87748A7B5176}.Release|Any CPU.ActiveCfg = Release|Any CPU
		{E205E563-A865-453B-8109-87748A7B5176}.Release|Any CPU.Build.0 = Release|Any CPU
		{0773768A-46FC-4CC3-BFD4-063666743341}.Debug|Any CPU.ActiveCfg = Debug|Any CPU
		{0773768A-46FC-4CC3-BFD4-063666743341}.Debug|Any CPU.Build.0 = Debug|Any CPU
		{0773768A-46FC-4CC3-BFD4-063666743341}.Release|Any CPU.ActiveCfg = Release|Any CPU
		{0773768A-46FC-4CC3-BFD4-063666743341}.Release|Any CPU.Build.0 = Release|Any CPU
		{748BBA4A-E84E-49A5-A1C9-DE0E3C47E9CD}.Debug|Any CPU.ActiveCfg = Debug|Any CPU
		{748BBA4A-E84E-49A5-A1C9-DE0E3C47E9CD}.Debug|Any CPU.Build.0 = Debug|Any CPU
		{748BBA4A-E84E-49A5-A1C9-DE0E3C47E9CD}.Release|Any CPU.ActiveCfg = Release|Any CPU
		{748BBA4A-E84E-49A5-A1C9-DE0E3C47E9CD}.Release|Any CPU.Build.0 = Release|Any CPU
		{E2B8A174-35E9-45F5-BDFE-0E41C0D919D4}.Debug|Any CPU.ActiveCfg = Debug|Any CPU
		{E2B8A174-35E9-45F5-BDFE-0E41C0D919D4}.Debug|Any CPU.Build.0 = Debug|Any CPU
		{E2B8A174-35E9-45F5-BDFE-0E41C0D919D4}.Release|Any CPU.ActiveCfg = Release|Any CPU
		{E2B8A174-35E9-45F5-BDFE-0E41C0D919D4}.Release|Any CPU.Build.0 = Release|Any CPU
		{D2B3B09B-8FCD-4A47-A26E-A77FFCFFB584}.Debug|Any CPU.ActiveCfg = Debug|Any CPU
		{D2B3B09B-8FCD-4A47-A26E-A77FFCFFB584}.Debug|Any CPU.Build.0 = Debug|Any CPU
		{D2B3B09B-8FCD-4A47-A26E-A77FFCFFB584}.Release|Any CPU.ActiveCfg = Release|Any CPU
		{D2B3B09B-8FCD-4A47-A26E-A77FFCFFB584}.Release|Any CPU.Build.0 = Release|Any CPU
		{CA92A1A8-7142-499E-9B0A-5BFACF8C80F3}.Debug|Any CPU.ActiveCfg = Debug|Any CPU
		{CA92A1A8-7142-499E-9B0A-5BFACF8C80F3}.Debug|Any CPU.Build.0 = Debug|Any CPU
		{CA92A1A8-7142-499E-9B0A-5BFACF8C80F3}.Release|Any CPU.ActiveCfg = Release|Any CPU
		{CA92A1A8-7142-499E-9B0A-5BFACF8C80F3}.Release|Any CPU.Build.0 = Release|Any CPU
		{0F28406A-E7FB-4536-AEF2-12073F3D1E39}.Debug|Any CPU.ActiveCfg = Debug|Any CPU
		{0F28406A-E7FB-4536-AEF2-12073F3D1E39}.Debug|Any CPU.Build.0 = Debug|Any CPU
		{0F28406A-E7FB-4536-AEF2-12073F3D1E39}.Release|Any CPU.ActiveCfg = Release|Any CPU
		{0F28406A-E7FB-4536-AEF2-12073F3D1E39}.Release|Any CPU.Build.0 = Release|Any CPU
		{6E954732-F6E7-4343-8BB9-A0DF7D67EB68}.Debug|Any CPU.ActiveCfg = Debug|Any CPU
		{6E954732-F6E7-4343-8BB9-A0DF7D67EB68}.Debug|Any CPU.Build.0 = Debug|Any CPU
		{6E954732-F6E7-4343-8BB9-A0DF7D67EB68}.Release|Any CPU.ActiveCfg = Release|Any CPU
		{6E954732-F6E7-4343-8BB9-A0DF7D67EB68}.Release|Any CPU.Build.0 = Release|Any CPU
	EndGlobalSection
	GlobalSection(SolutionProperties) = preSolution
		HideSolutionNode = FALSE
	EndGlobalSection
	GlobalSection(NestedProjects) = preSolution
		{95790D10-EF27-4390-8B5D-858B0260EF53} = {6588E851-9347-4916-9F7B-C7858B099C8C}
		{D4128FED-D635-4AC2-A0B7-8291B7B1ECC0} = {7B05B6CC-47A1-43B9-ACBE-C135D8E94BBA}
		{6588E851-9347-4916-9F7B-C7858B099C8C} = {7B05B6CC-47A1-43B9-ACBE-C135D8E94BBA}
		{E205E563-A865-453B-8109-87748A7B5176} = {D4128FED-D635-4AC2-A0B7-8291B7B1ECC0}
		{036930A9-8D11-4A7E-8E76-C2170E047F0A} = {7B05B6CC-47A1-43B9-ACBE-C135D8E94BBA}
		{0773768A-46FC-4CC3-BFD4-063666743341} = {036930A9-8D11-4A7E-8E76-C2170E047F0A}
		{748BBA4A-E84E-49A5-A1C9-DE0E3C47E9CD} = {036930A9-8D11-4A7E-8E76-C2170E047F0A}
		{A91212CB-9958-437B-AC89-E06112B77E13} = {7B05B6CC-47A1-43B9-ACBE-C135D8E94BBA}
		{E2B8A174-35E9-45F5-BDFE-0E41C0D919D4} = {A91212CB-9958-437B-AC89-E06112B77E13}
		{D2B3B09B-8FCD-4A47-A26E-A77FFCFFB584} = {A91212CB-9958-437B-AC89-E06112B77E13}
		{CA92A1A8-7142-499E-9B0A-5BFACF8C80F3} = {A91212CB-9958-437B-AC89-E06112B77E13}
		{0F28406A-E7FB-4536-AEF2-12073F3D1E39} = {A91212CB-9958-437B-AC89-E06112B77E13}
		{6E954732-F6E7-4343-8BB9-A0DF7D67EB68} = {AA70BE00-5230-4FDB-9119-5A06540AC664}
	EndGlobalSection
	GlobalSection(ExtensibilityGlobals) = postSolution
		SolutionGuid = {543AF279-802D-4B28-8642-70171A9AB480}
	EndGlobalSection
EndGlobal
